
Microsoft Visual Studio Solution File, Format Version 12.00
# Visual Studio Version 17
VisualStudioVersion = 17.8.34408.163
MinimumVisualStudioVersion = 10.0.40219.1
Project("{9A19103F-16F7-4668-BE54-9A1E7A4F7556}") = "NodeSearcher", "NodeSearcher.csproj", "{92F518CD-5A3A-4D60-9E37-1C7184F61973}"
EndProject
Project("{9A19103F-16F7-4668-BE54-9A1E7A4F7556}") = "NodeTests", "..\NodeTests\NodeTests.csproj", "{77FE4F39-B77E-49DB-B6F1-440060E4AEBA}"
EndProject
Global
	GlobalSection(SolutionConfigurationPlatforms) = preSolution
		Debug|Any CPU = Debug|Any CPU
		Release|Any CPU = Release|Any CPU
	EndGlobalSection
	GlobalSection(ProjectConfigurationPlatforms) = postSolution
		{92F518CD-5A3A-4D60-9E37-1C7184F61973}.Debug|Any CPU.ActiveCfg = Debug|Any CPU
		{92F518CD-5A3A-4D60-9E37-1C7184F61973}.Debug|Any CPU.Build.0 = Debug|Any CPU
		{92F518CD-5A3A-4D60-9E37-1C7184F61973}.Release|Any CPU.ActiveCfg = Release|Any CPU
		{92F518CD-5A3A-4D60-9E37-1C7184F61973}.Release|Any CPU.Build.0 = Release|Any CPU
		{77FE4F39-B77E-49DB-B6F1-440060E4AEBA}.Debug|Any CPU.ActiveCfg = Debug|Any CPU
		{77FE4F39-B77E-49DB-B6F1-440060E4AEBA}.Debug|Any CPU.Build.0 = Debug|Any CPU
		{77FE4F39-B77E-49DB-B6F1-440060E4AEBA}.Release|Any CPU.ActiveCfg = Release|Any CPU
		{77FE4F39-B77E-49DB-B6F1-440060E4AEBA}.Release|Any CPU.Build.0 = Release|Any CPU
	EndGlobalSection
	GlobalSection(SolutionProperties) = preSolution
		HideSolutionNode = FALSE
	EndGlobalSection
	GlobalSection(ExtensibilityGlobals) = postSolution
		SolutionGuid = {5D42C91C-FFAF-4D2B-BE4E-022443AD014E}
	EndGlobalSection
EndGlobal
